
#WELCOME TO MY SIMPLIFIED STABLE DIFFUSION BUILD WITH SUPPORT FOR AMD
from diffusers import StableDiffusionOnnxPipeline 
pipe = StableDiffusionOnnxPipeline.from_pretrained("./stable_diffusion_onnx", provider="DmlExecutionProvider") 


#typeyourvisionhere!
prompt = "" 

#improvesdetailNOTFORPOTATO'S
num_inference_steps: Optional[int] = 50

#height&widthareimgresolution
height: Optional[int] = ,
width: Optional[int] = ,

#imgstretchmultiplierforwidescreens1.5x-2x
imgstretch: Optional[int] = 

#colorcontrastvaluesrange 1-10
contrast: Optional[int] =

#timetoproduce
RenderingLeft: Optional[float] = 0.0,

#amountofimagesproduced
image = pipe(prompt).images[0] 
#saveyourimage
image.save("output.png") 

